{
  "name": "@witty-services/ngx-repository",
  "version": "2.0.0-rc.17",
  "lockfileVersion": 1,
  "requires": true,
  "dependencies": {
    "@witty-services/ts-serializer": {
      "version": "1.0.1",
      "resolved": "https://registry.npmjs.org/@witty-services/ts-serializer/-/ts-serializer-1.0.1.tgz",
      "integrity": "sha512-ArIQxCivTpPevwsRujZLsKgFHYDweJ8YaxLiviZ84Up1AxG20qo/CyoSng0c/LkEOFJ+bQ7rvLbfFZkf9hXW6A=="
    }
  }
}
